
Microsoft Visual Studio Solution File, Format Version 12.00
# Visual Studio Version 16
VisualStudioVersion = 16.0.31702.278
MinimumVisualStudioVersion = 10.0.40219.1
Project("{8BC9CEB8-8B4A-11D0-8D11-00A0C91BC942}") = "2741. N찍기", "2741. N찍기.vcxproj", "{8CAFBB0C-075A-406F-90F0-3DC8C8C5E345}"
EndProject
Global
	GlobalSection(SolutionConfigurationPlatforms) = preSolution
		Debug|x64 = Debug|x64
		Debug|x86 = Debug|x86
		Release|x64 = Release|x64
		Release|x86 = Release|x86
	EndGlobalSection
	GlobalSection(ProjectConfigurationPlatforms) = postSolution
		{8CAFBB0C-075A-406F-90F0-3DC8C8C5E345}.Debug|x64.ActiveCfg = Debug|x64
		{8CAFBB0C-075A-406F-90F0-3DC8C8C5E345}.Debug|x64.Build.0 = Debug|x64
		{8CAFBB0C-075A-406F-90F0-3DC8C8C5E345}.Debug|x86.ActiveCfg = Debug|Win32
		{8CAFBB0C-075A-406F-90F0-3DC8C8C5E345}.Debug|x86.Build.0 = Debug|Win32
		{8CAFBB0C-075A-406F-90F0-3DC8C8C5E345}.Release|x64.ActiveCfg = Release|x64
		{8CAFBB0C-075A-406F-90F0-3DC8C8C5E345}.Release|x64.Build.0 = Release|x64
		{8CAFBB0C-075A-406F-90F0-3DC8C8C5E345}.Release|x86.ActiveCfg = Release|Win32
		{8CAFBB0C-075A-406F-90F0-3DC8C8C5E345}.Release|x86.Build.0 = Release|Win32
	EndGlobalSection
	GlobalSection(SolutionProperties) = preSolution
		HideSolutionNode = FALSE
	EndGlobalSection
	GlobalSection(ExtensibilityGlobals) = postSolution
		SolutionGuid = {DE6534A3-7A98-4498-9022-2EC999B3705A}
	EndGlobalSection
EndGlobal
