
Microsoft Visual Studio Solution File, Format Version 12.00
# Visual Studio Version 16
VisualStudioVersion = 16.0.31702.278
MinimumVisualStudioVersion = 10.0.40219.1
Project("{8BC9CEB8-8B4A-11D0-8D11-00A0C91BC942}") = "10998. AxB", "10998. AxB.vcxproj", "{D796B784-7B42-44EC-8659-E10CF4B64A47}"
EndProject
Global
	GlobalSection(SolutionConfigurationPlatforms) = preSolution
		Debug|x64 = Debug|x64
		Debug|x86 = Debug|x86
		Release|x64 = Release|x64
		Release|x86 = Release|x86
	EndGlobalSection
	GlobalSection(ProjectConfigurationPlatforms) = postSolution
		{D796B784-7B42-44EC-8659-E10CF4B64A47}.Debug|x64.ActiveCfg = Debug|x64
		{D796B784-7B42-44EC-8659-E10CF4B64A47}.Debug|x64.Build.0 = Debug|x64
		{D796B784-7B42-44EC-8659-E10CF4B64A47}.Debug|x86.ActiveCfg = Debug|Win32
		{D796B784-7B42-44EC-8659-E10CF4B64A47}.Debug|x86.Build.0 = Debug|Win32
		{D796B784-7B42-44EC-8659-E10CF4B64A47}.Release|x64.ActiveCfg = Release|x64
		{D796B784-7B42-44EC-8659-E10CF4B64A47}.Release|x64.Build.0 = Release|x64
		{D796B784-7B42-44EC-8659-E10CF4B64A47}.Release|x86.ActiveCfg = Release|Win32
		{D796B784-7B42-44EC-8659-E10CF4B64A47}.Release|x86.Build.0 = Release|Win32
	EndGlobalSection
	GlobalSection(SolutionProperties) = preSolution
		HideSolutionNode = FALSE
	EndGlobalSection
	GlobalSection(ExtensibilityGlobals) = postSolution
		SolutionGuid = {FEF02BC0-D6D2-4B0B-BDBE-A4ADB953C5B1}
	EndGlobalSection
EndGlobal
