
Microsoft Visual Studio Solution File, Format Version 12.00
# Visual Studio Version 16
VisualStudioVersion = 16.0.31702.278
MinimumVisualStudioVersion = 10.0.40219.1
Project("{8BC9CEB8-8B4A-11D0-8D11-00A0C91BC942}") = "1110. 더하기 사이클", "1110. 더하기 사이클.vcxproj", "{230B0275-EC9A-4F7B-8408-884FBCF0A012}"
EndProject
Global
	GlobalSection(SolutionConfigurationPlatforms) = preSolution
		Debug|x64 = Debug|x64
		Debug|x86 = Debug|x86
		Release|x64 = Release|x64
		Release|x86 = Release|x86
	EndGlobalSection
	GlobalSection(ProjectConfigurationPlatforms) = postSolution
		{230B0275-EC9A-4F7B-8408-884FBCF0A012}.Debug|x64.ActiveCfg = Debug|x64
		{230B0275-EC9A-4F7B-8408-884FBCF0A012}.Debug|x64.Build.0 = Debug|x64
		{230B0275-EC9A-4F7B-8408-884FBCF0A012}.Debug|x86.ActiveCfg = Debug|Win32
		{230B0275-EC9A-4F7B-8408-884FBCF0A012}.Debug|x86.Build.0 = Debug|Win32
		{230B0275-EC9A-4F7B-8408-884FBCF0A012}.Release|x64.ActiveCfg = Release|x64
		{230B0275-EC9A-4F7B-8408-884FBCF0A012}.Release|x64.Build.0 = Release|x64
		{230B0275-EC9A-4F7B-8408-884FBCF0A012}.Release|x86.ActiveCfg = Release|Win32
		{230B0275-EC9A-4F7B-8408-884FBCF0A012}.Release|x86.Build.0 = Release|Win32
	EndGlobalSection
	GlobalSection(SolutionProperties) = preSolution
		HideSolutionNode = FALSE
	EndGlobalSection
	GlobalSection(ExtensibilityGlobals) = postSolution
		SolutionGuid = {E0FECB65-7DAD-46B2-A50A-B2363C191C97}
	EndGlobalSection
EndGlobal
