
Microsoft Visual Studio Solution File, Format Version 12.00
# Visual Studio Version 16
VisualStudioVersion = 16.0.31702.278
MinimumVisualStudioVersion = 10.0.40219.1
Project("{8BC9CEB8-8B4A-11D0-8D11-00A0C91BC942}") = "10871. X보다 작은 수", "10871. X보다 작은 수.vcxproj", "{472A26FE-A7AE-427C-873E-274DA10F6D21}"
EndProject
Global
	GlobalSection(SolutionConfigurationPlatforms) = preSolution
		Debug|x64 = Debug|x64
		Debug|x86 = Debug|x86
		Release|x64 = Release|x64
		Release|x86 = Release|x86
	EndGlobalSection
	GlobalSection(ProjectConfigurationPlatforms) = postSolution
		{472A26FE-A7AE-427C-873E-274DA10F6D21}.Debug|x64.ActiveCfg = Debug|x64
		{472A26FE-A7AE-427C-873E-274DA10F6D21}.Debug|x64.Build.0 = Debug|x64
		{472A26FE-A7AE-427C-873E-274DA10F6D21}.Debug|x86.ActiveCfg = Debug|Win32
		{472A26FE-A7AE-427C-873E-274DA10F6D21}.Debug|x86.Build.0 = Debug|Win32
		{472A26FE-A7AE-427C-873E-274DA10F6D21}.Release|x64.ActiveCfg = Release|x64
		{472A26FE-A7AE-427C-873E-274DA10F6D21}.Release|x64.Build.0 = Release|x64
		{472A26FE-A7AE-427C-873E-274DA10F6D21}.Release|x86.ActiveCfg = Release|Win32
		{472A26FE-A7AE-427C-873E-274DA10F6D21}.Release|x86.Build.0 = Release|Win32
	EndGlobalSection
	GlobalSection(SolutionProperties) = preSolution
		HideSolutionNode = FALSE
	EndGlobalSection
	GlobalSection(ExtensibilityGlobals) = postSolution
		SolutionGuid = {80F9ADFE-DE0F-40AD-A905-80787123FB75}
	EndGlobalSection
EndGlobal
